// !$*UTF8*$!
{
	archiveVersion = 1;
	classes = {
	};
	objectVersion = 46;
	objects = {

/* Begin PBXBuildFile section */
		3E5C00C91C87E1A300FFA71C /* AppDelegate.swift in Sources */ = {isa = PBXBuildFile; fileRef = 3E5C00C81C87E1A300FFA71C /* AppDelegate.swift */; };
		3E5C00CB1C87E1A300FFA71C /* ViewController.swift in Sources */ = {isa = PBXBuildFile; fileRef = 3E5C00CA1C87E1A300FFA71C /* ViewController.swift */; };
		3E5C00CE1C87E1A300FFA71C /* Main.storyboard in Resources */ = {isa = PBXBuildFile; fileRef = 3E5C00CC1C87E1A300FFA71C /* Main.storyboard */; };
		3E5C00D01C87E1A300FFA71C /* Assets.xcassets in Resources */ = {isa = PBXBuildFile; fileRef = 3E5C00CF1C87E1A300FFA71C /* Assets.xcassets */; };
		3E5C00D31C87E1A300FFA71C /* LaunchScreen.storyboard in Resources */ = {isa = PBXBuildFile; fileRef = 3E5C00D11C87E1A300FFA71C /* LaunchScreen.storyboard */; };
		3E5C00DB1C87E21500FFA71C /* CardsViewController.swift in Sources */ = {isa = PBXBuildFile; fileRef = 3E5C00DA1C87E21500FFA71C /* CardsViewController.swift */; };
		3E5C00DD1C87F2CA00FFA71C /* ProfileViewController.swift in Sources */ = {isa = PBXBuildFile; fileRef = 3E5C00DC1C87F2CA00FFA71C /* ProfileViewController.swift */; };
		3E5C00E01C87F5A600FFA71C /* BaseTransition.swift in Sources */ = {isa = PBXBuildFile; fileRef = 3E5C00DE1C87F5A600FFA71C /* BaseTransition.swift */; };
		3E5C00E11C87F5A600FFA71C /* FadeTransition.swift in Sources */ = {isa = PBXBuildFile; fileRef = 3E5C00DF1C87F5A600FFA71C /* FadeTransition.swift */; };
/* End PBXBuildFile section */

/* Begin PBXFileReference section */
		3E5C00C51C87E1A300FFA71C /* tinder.app */ = {isa = PBXFileReference; explicitFileType = wrapper.application; includeInIndex = 0; path = tinder.app; sourceTree = BUILT_PRODUCTS_DIR; };
		3E5C00C81C87E1A300FFA71C /* AppDelegate.swift */ = {isa = PBXFileReference; lastKnownFileType = sourcecode.swift; path = AppDelegate.swift; sourceTree = "<group>"; };
		3E5C00CA1C87E1A300FFA71C /* ViewController.swift */ = {isa = PBXFileReference; lastKnownFileType = sourcecode.swift; path = ViewController.swift; sourceTree = "<group>"; };
		3E5C00CD1C87E1A300FFA71C /* Base */ = {isa = PBXFileReference; lastKnownFileType = file.storyboard; name = Base; path = Base.lproj/Main.storyboard; sourceTree = "<group>"; };
		3E5C00CF1C87E1A300FFA71C /* Assets.xcassets */ = {isa = PBXFileReference; lastKnownFileType = folder.assetcatalog; path = Assets.xcassets; sourceTree = "<group>"; };
		3E5C00D21C87E1A300FFA71C /* Base */ = {isa = PBXFileReference; lastKnownFileType = file.storyboard; name = Base; path = Base.lproj/LaunchScreen.storyboard; sourceTree = "<group>"; };
		3E5C00D41C87E1A300FFA71C /* Info.plist */ = {isa = PBXFileReference; lastKnownFileType = text.plist.xml; path = Info.plist; sourceTree = "<group>"; };
		3E5C00DA1C87E21500FFA71C /* CardsViewController.swift */ = {isa = PBXFileReference; fileEncoding = 4; lastKnownFileType = sourcecode.swift; path = CardsViewController.swift; sourceTree = "<group>"; };
		3E5C00DC1C87F2CA00FFA71C /* ProfileViewController.swift */ = {isa = PBXFileReference; fileEncoding = 4; lastKnownFileType = sourcecode.swift; name = ProfileViewController.swift; path = ../ProfileViewController.swift; sourceTree = "<group>"; };
		3E5C00DE1C87F5A600FFA71C /* BaseTransition.swift */ = {isa = PBXFileReference; fileEncoding = 4; lastKnownFileType = sourcecode.swift; path = BaseTransition.swift; sourceTree = "<group>"; };
		3E5C00DF1C87F5A600FFA71C /* FadeTransition.swift */ = {isa = PBXFileReference; fileEncoding = 4; lastKnownFileType = sourcecode.swift; path = FadeTransition.swift; sourceTree = "<group>"; };
/* End PBXFileReference section */

/* Begin PBXFrameworksBuildPhase section */
		3E5C00C21C87E1A300FFA71C /* Frameworks */ = {
			isa = PBXFrameworksBuildPhase;
			buildActionMask = 2147483647;
			files = (
			);
			runOnlyForDeploymentPostprocessing = 0;
		};
/* End PBXFrameworksBuildPhase section */

/* Begin PBXGroup section */
		3E5C00BC1C87E1A300FFA71C = {
			isa = PBXGroup;
			children = (
				3E5C00C71C87E1A300FFA71C /* tinder */,
				3E5C00C61C87E1A300FFA71C /* Products */,
			);
			sourceTree = "<group>";
		};
		3E5C00C61C87E1A300FFA71C /* Products */ = {
			isa = PBXGroup;
			children = (
				3E5C00C51C87E1A300FFA71C /* tinder.app */,
			);
			name = Products;
			sourceTree = "<group>";
		};
		3E5C00C71C87E1A300FFA71C /* tinder */ = {
			isa = PBXGroup;
			children = (
				3E5C00C81C87E1A300FFA71C /* AppDelegate.swift */,
				3E5C00DE1C87F5A600FFA71C /* BaseTransition.swift */,
				3E5C00DF1C87F5A600FFA71C /* FadeTransition.swift */,
				3E5C00DC1C87F2CA00FFA71C /* ProfileViewController.swift */,
				3E5C00CA1C87E1A300FFA71C /* ViewController.swift */,
				3E5C00CC1C87E1A300FFA71C /* Main.storyboard */,
				3E5C00DA1C87E21500FFA71C /* CardsViewController.swift */,
				3E5C00CF1C87E1A300FFA71C /* Assets.xcassets */,
				3E5C00D11C87E1A300FFA71C /* LaunchScreen.storyboard */,
				3E5C00D41C87E1A300FFA71C /* Info.plist */,
			);
			path = tinder;
			sourceTree = "<group>";
		};
/* End PBXGroup section */

/* Begin PBXNativeTarget section */
		3E5C00C41C87E1A300FFA71C /* tinder */ = {
			isa = PBXNativeTarget;
			buildConfigurationList = 3E5C00D71C87E1A300FFA71C /* Build configuration list for PBXNativeTarget "tinder" */;
			buildPhases = (
				3E5C00C11C87E1A300FFA71C /* Sources */,
				3E5C00C21C87E1A300FFA71C /* Frameworks */,
				3E5C00C31C87E1A300FFA71C /* Resources */,
			);
			buildRules = (
			);
			dependencies = (
			);
			name = tinder;
			productName = tinder;
			productReference = 3E5C00C51C87E1A300FFA71C /* tinder.app */;
			productType = "com.apple.product-type.application";
		};
/* End PBXNativeTarget section */

/* Begin PBXProject section */
		3E5C00BD1C87E1A300FFA71C /* Project object */ = {
			isa = PBXProject;
			attributes = {
				LastSwiftUpdateCheck = 0720;
				LastUpgradeCheck = 0720;
				ORGANIZATIONNAME = "Mudit Mittal";
				TargetAttributes = {
					3E5C00C41C87E1A300FFA71C = {
						CreatedOnToolsVersion = 7.2;
						DevelopmentTeam = ZK7G5775TF;
					};
				};
			};
			buildConfigurationList = 3E5C00C01C87E1A300FFA71C /* Build configuration list for PBXProject "tinder" */;
			compatibilityVersion = "Xcode 3.2";
			developmentRegion = English;
			hasScannedForEncodings = 0;
			knownRegions = (
				en,
				Base,
			);
			mainGroup = 3E5C00BC1C87E1A300FFA71C;
			productRefGroup = 3E5C00C61C87E1A300FFA71C /* Products */;
			projectDirPath = "";
			projectRoot = "";
			targets = (
				3E5C00C41C87E1A300FFA71C /* tinder */,
			);
		};
/* End PBXProject section */

/* Begin PBXResourcesBuildPhase section */
		3E5C00C31C87E1A300FFA71C /* Resources */ = {
			isa = PBXResourcesBuildPhase;
			buildActionMask = 2147483647;
			files = (
				3E5C00D31C87E1A300FFA71C /* LaunchScreen.storyboard in Resources */,
				3E5C00D01C87E1A300FFA71C /* Assets.xcassets in Resources */,
				3E5C00CE1C87E1A300FFA71C /* Main.storyboard in Resources */,
			);
			runOnlyForDeploymentPostprocessing = 0;
		};
/* End PBXResourcesBuildPhase section */

/* Begin PBXSourcesBuildPhase section */
		3E5C00C11C87E1A300FFA71C /* Sources */ = {
			isa = PBXSourcesBuildPhase;
			buildActionMask = 2147483647;
			files = (
				3E5C00CB1C87E1A300FFA71C /* ViewController.swift in Sources */,
				3E5C00E01C87F5A600FFA71C /* BaseTransition.swift in Sources */,
				3E5C00C91C87E1A300FFA71C /* AppDelegate.swift in Sources */,
				3E5C00DD1C87F2CA00FFA71C /* ProfileViewController.swift in Sources */,
				3E5C00E11C87F5A600FFA71C /* FadeTransition.swift in Sources */,
				3E5C00DB1C87E21500FFA71C /* CardsViewController.swift in Sources */,
			);
			runOnlyForDeploymentPostprocessing = 0;
		};
/* End PBXSourcesBuildPhase section */

/* Begin PBXVariantGroup section */
		3E5C00CC1C87E1A300FFA71C /* Main.storyboard */ = {
			isa = PBXVariantGroup;
			children = (
				3E5C00CD1C87E1A300FFA71C /* Base */,
			);
			name = Main.storyboard;
			sourceTree = "<group>";
		};
		3E5C00D11C87E1A300FFA71C /* LaunchScreen.storyboard */ = {
			isa = PBXVariantGroup;
			children = (
				3E5C00D21C87E1A300FFA71C /* Base */,
			);
			name = LaunchScreen.storyboard;
			sourceTree = "<group>";
		};
/* End PBXVariantGroup section */

/* Begin XCBuildConfiguration section */
		3E5C00D51C87E1A300FFA71C /* Debug */ = {
			isa = XCBuildConfiguration;
			buildSettings = {
				ALWAYS_SEARCH_USER_PATHS = NO;
				CLANG_CXX_LANGUAGE_STANDARD = "gnu++0x";
				CLANG_CXX_LIBRARY = "libc++";
				CLANG_ENABLE_MODULES = YES;
				CLANG_ENABLE_OBJC_ARC = YES;
				CLANG_WARN_BOOL_CONVERSION = YES;
				CLANG_WARN_CONSTANT_CONVERSION = YES;
				CLANG_WARN_DIRECT_OBJC_ISA_USAGE = YES_ERROR;
				CLANG_WARN_EMPTY_BODY = YES;
				CLANG_WARN_ENUM_CONVERSION = YES;
				CLANG_WARN_INT_CONVERSION = YES;
				CLANG_WARN_OBJC_ROOT_CLASS = YES_ERROR;
				CLANG_WARN_UNREACHABLE_CODE = YES;
				CLANG_WARN__DUPLICATE_METHOD_MATCH = YES;
				"CODE_SIGN_IDENTITY[sdk=iphoneos*]" = "iPhone Developer";
				COPY_PHASE_STRIP = NO;
				DEBUG_INFORMATION_FORMAT = dwarf;
				ENABLE_STRICT_OBJC_MSGSEND = YES;
				ENABLE_TESTABILITY = YES;
				GCC_C_LANGUAGE_STANDARD = gnu99;
				GCC_DYNAMIC_NO_PIC = NO;
				GCC_NO_COMMON_BLOCKS = YES;
				GCC_OPTIMIZATION_LEVEL = 0;
				GCC_PREPROCESSOR_DEFINITIONS = (
					"DEBUG=1",
					"$(inherited)",
				);
				GCC_WARN_64_TO_32_BIT_CONVERSION = YES;
				GCC_WARN_ABOUT_RETURN_TYPE = YES_ERROR;
				GCC_WARN_UNDECLARED_SELECTOR = YES;
				GCC_WARN_UNINITIALIZED_AUTOS = YES_AGGRESSIVE;
				GCC_WARN_UNUSED_FUNCTION = YES;
				GCC_WARN_UNUSED_VARIABLE = YES;
				IPHONEOS_DEPLOYMENT_TARGET = 9.2;
				MTL_ENABLE_DEBUG_INFO = YES;
				ONLY_ACTIVE_ARCH = YES;
				SDKROOT = iphoneos;
				SWIFT_OPTIMIZATION_LEVEL = "-Onone";
			};
			name = Debug;
		};
		3E5C00D61C87E1A300FFA71C /* Release */ = {
			isa = XCBuildConfiguration;
			buildSettings = {
				ALWAYS_SEARCH_USER_PATHS = NO;
				CLANG_CXX_LANGUAGE_STANDARD = "gnu++0x";
				CLANG_CXX_LIBRARY = "libc++";
				CLANG_ENABLE_MODULES = YES;
				CLANG_ENABLE_OBJC_ARC = YES;
				CLANG_WARN_BOOL_CONVERSION = YES;
				CLANG_WARN_CONSTANT_CONVERSION = YES;
				CLANG_WARN_DIRECT_OBJC_ISA_USAGE = YES_ERROR;
				CLANG_WARN_EMPTY_BODY = YES;
				CLANG_WARN_ENUM_CONVERSION = YES;
				CLANG_WARN_INT_CONVERSION = YES;
				CLANG_WARN_OBJC_ROOT_CLASS = YES_ERROR;
				CLANG_WARN_UNREACHABLE_CODE = YES;
				CLANG_WARN__DUPLICATE_METHOD_MATCH = YES;
				"CODE_SIGN_IDENTITY[sdk=iphoneos*]" = "iPhone Developer";
				COPY_PHASE_STRIP = NO;
				DEBUG_INFORMATION_FORMAT = "dwarf-with-dsym";
				ENABLE_NS_ASSERTIONS = NO;
				ENABLE_STRICT_OBJC_MSGSEND = YES;
				GCC_C_LANGUAGE_STANDARD = gnu99;
				GCC_NO_COMMON_BLOCKS = YES;
				GCC_WARN_64_TO_32_BIT_CONVERSION = YES;
				GCC_WARN_ABOUT_RETURN_TYPE = YES_ERROR;
				GCC_WARN_UNDECLARED_SELECTOR = YES;
				GCC_WARN_UNINITIALIZED_AUTOS = YES_AGGRESSIVE;
				GCC_WARN_UNUSED_FUNCTION = YES;
				GCC_WARN_UNUSED_VARIABLE = YES;
				IPHONEOS_DEPLOYMENT_TARGET = 9.2;
				MTL_ENABLE_DEBUG_INFO = NO;
				SDKROOT = iphoneos;
				VALIDATE_PRODUCT = YES;
			};
			name = Release;
		};
		3E5C00D81C87E1A300FFA71C /* Debug */ = {
			isa = XCBuildConfiguration;
			buildSettings = {
				ASSETCATALOG_COMPILER_APPICON_NAME = AppIcon;
				INFOPLIST_FILE = tinder/Info.plist;
				LD_RUNPATH_SEARCH_PATHS = "$(inherited) @executable_path/Frameworks";
				PRODUCT_BUNDLE_IDENTIFIER = com.muditmittal.tinder;
				PRODUCT_NAME = "$(TARGET_NAME)";
			};
			name = Debug;
		};
		3E5C00D91C87E1A300FFA71C /* Release */ = {
			isa = XCBuildConfiguration;
			buildSettings = {
				ASSETCATALOG_COMPILER_APPICON_NAME = AppIcon;
				INFOPLIST_FILE = tinder/Info.plist;
				LD_RUNPATH_SEARCH_PATHS = "$(inherited) @executable_path/Frameworks";
				PRODUCT_BUNDLE_IDENTIFIER = com.muditmittal.tinder;
				PRODUCT_NAME = "$(TARGET_NAME)";
			};
			name = Release;
		};
/* End XCBuildConfiguration section */

/* Begin XCConfigurationList section */
		3E5C00C01C87E1A300FFA71C /* Build configuration list for PBXProject "tinder" */ = {
			isa = XCConfigurationList;
			buildConfigurations = (
				3E5C00D51C87E1A300FFA71C /* Debug */,
				3E5C00D61C87E1A300FFA71C /* Release */,
			);
			defaultConfigurationIsVisible = 0;
			defaultConfigurationName = Release;
		};
		3E5C00D71C87E1A300FFA71C /* Build configuration list for PBXNativeTarget "tinder" */ = {
			isa = XCConfigurationList;
			buildConfigurations = (
				3E5C00D81C87E1A300FFA71C /* Debug */,
				3E5C00D91C87E1A300FFA71C /* Release */,
			);
			defaultConfigurationIsVisible = 0;
		};
/* End XCConfigurationList section */
	};
	rootObject = 3E5C00BD1C87E1A300FFA71C /* Project object */;
}
